
Microsoft Visual Studio Solution File, Format Version 12.00
# Visual Studio Version 16
VisualStudioVersion = 16.0.31702.278
MinimumVisualStudioVersion = 10.0.40219.1
Project("{FAE04EC0-301F-11D3-BF4B-00C04F79EFBC}") = "listView.Android", "listView.Android\listView.Android.csproj", "{0B26BF49-B5CB-4EA5-B867-7AA9F81C4922}"
EndProject
Project("{FAE04EC0-301F-11D3-BF4B-00C04F79EFBC}") = "listView", "listView\listView.csproj", "{FBF182D0-EC99-4DF7-A980-0D75DB75ABAA}"
EndProject
Global
	GlobalSection(SolutionConfigurationPlatforms) = preSolution
		Debug|Any CPU = Debug|Any CPU
		Release|Any CPU = Release|Any CPU
	EndGlobalSection
	GlobalSection(ProjectConfigurationPlatforms) = postSolution
		{0B26BF49-B5CB-4EA5-B867-7AA9F81C4922}.Debug|Any CPU.ActiveCfg = Debug|Any CPU
		{0B26BF49-B5CB-4EA5-B867-7AA9F81C4922}.Debug|Any CPU.Build.0 = Debug|Any CPU
		{0B26BF49-B5CB-4EA5-B867-7AA9F81C4922}.Debug|Any CPU.Deploy.0 = Debug|Any CPU
		{0B26BF49-B5CB-4EA5-B867-7AA9F81C4922}.Release|Any CPU.ActiveCfg = Release|Any CPU
		{0B26BF49-B5CB-4EA5-B867-7AA9F81C4922}.Release|Any CPU.Build.0 = Release|Any CPU
		{0B26BF49-B5CB-4EA5-B867-7AA9F81C4922}.Release|Any CPU.Deploy.0 = Release|Any CPU
		{FBF182D0-EC99-4DF7-A980-0D75DB75ABAA}.Debug|Any CPU.ActiveCfg = Debug|Any CPU
		{FBF182D0-EC99-4DF7-A980-0D75DB75ABAA}.Debug|Any CPU.Build.0 = Debug|Any CPU
		{FBF182D0-EC99-4DF7-A980-0D75DB75ABAA}.Debug|Any CPU.Deploy.0 = Debug|Any CPU
		{FBF182D0-EC99-4DF7-A980-0D75DB75ABAA}.Release|Any CPU.ActiveCfg = Release|Any CPU
		{FBF182D0-EC99-4DF7-A980-0D75DB75ABAA}.Release|Any CPU.Build.0 = Release|Any CPU
		{FBF182D0-EC99-4DF7-A980-0D75DB75ABAA}.Release|Any CPU.Deploy.0 = Release|Any CPU
	EndGlobalSection
	GlobalSection(SolutionProperties) = preSolution
		HideSolutionNode = FALSE
	EndGlobalSection
	GlobalSection(ExtensibilityGlobals) = postSolution
		SolutionGuid = {70B13B25-C588-4100-A731-0E0F427CB6EC}
	EndGlobalSection
EndGlobal
